
Microsoft Visual Studio Solution File, Format Version 12.00
# Visual Studio Version 17
VisualStudioVersion = 17.2.32616.157
MinimumVisualStudioVersion = 10.0.40219.1
Project("{F2A71F9B-5D33-465A-A702-920D77279786}") = "SharedUtils", "SharedUtils\SharedUtils.fsproj", "{E6FD4670-F109-402D-B56A-9B610CCD341C}"
EndProject
Project("{F2A71F9B-5D33-465A-A702-920D77279786}") = "Requesty", "Requesty\Requesty.fsproj", "{ADD1F36B-0073-4CCA-87FD-150FA57C6A56}"
EndProject
Global
	GlobalSection(SolutionConfigurationPlatforms) = preSolution
		Debug|Any CPU = Debug|Any CPU
		Release|Any CPU = Release|Any CPU
	EndGlobalSection
	GlobalSection(ProjectConfigurationPlatforms) = postSolution
		{E6FD4670-F109-402D-B56A-9B610CCD341C}.Debug|Any CPU.ActiveCfg = Debug|Any CPU
		{E6FD4670-F109-402D-B56A-9B610CCD341C}.Debug|Any CPU.Build.0 = Debug|Any CPU
		{E6FD4670-F109-402D-B56A-9B610CCD341C}.Release|Any CPU.ActiveCfg = Release|Any CPU
		{E6FD4670-F109-402D-B56A-9B610CCD341C}.Release|Any CPU.Build.0 = Release|Any CPU
		{ADD1F36B-0073-4CCA-87FD-150FA57C6A56}.Debug|Any CPU.ActiveCfg = Debug|Any CPU
		{ADD1F36B-0073-4CCA-87FD-150FA57C6A56}.Debug|Any CPU.Build.0 = Debug|Any CPU
		{ADD1F36B-0073-4CCA-87FD-150FA57C6A56}.Release|Any CPU.ActiveCfg = Release|Any CPU
		{ADD1F36B-0073-4CCA-87FD-150FA57C6A56}.Release|Any CPU.Build.0 = Release|Any CPU
	EndGlobalSection
	GlobalSection(SolutionProperties) = preSolution
		HideSolutionNode = FALSE
	EndGlobalSection
	GlobalSection(ExtensibilityGlobals) = postSolution
		SolutionGuid = {80C4BAA3-DB32-48B0-9C05-B221400CE081}
	EndGlobalSection
EndGlobal
